
Microsoft Visual Studio Solution File, Format Version 12.00
# Visual Studio Version 17
VisualStudioVersion = 17.5.33516.290
MinimumVisualStudioVersion = 10.0.40219.1
Project("{9A19103F-16F7-4668-BE54-9A1E7A4F7556}") = "CarShop.Client", "CarShop.Client\CarShop.Client.csproj", "{2AA78E98-5BDE-4936-9C58-66AAB9217A14}"
EndProject
Project("{9A19103F-16F7-4668-BE54-9A1E7A4F7556}") = "CarShop.Endpoint", "CarShop.Endpoint\CarShop.Endpoint.csproj", "{3EB24F98-7B5B-4CD1-84D1-8159DFF3A8CD}"
EndProject
Project("{9A19103F-16F7-4668-BE54-9A1E7A4F7556}") = "CarShop.Logic", "CarShop.Logic\CarShop.Logic.csproj", "{7AA26231-29EA-4613-89AC-0144ADD9E34F}"
EndProject
Project("{9A19103F-16F7-4668-BE54-9A1E7A4F7556}") = "CarShop.Repository", "CarShop.Repository\CarShop.Repository.csproj", "{C23CB4CB-EC5D-43DD-BF69-43F175A50AA3}"
EndProject
Project("{9A19103F-16F7-4668-BE54-9A1E7A4F7556}") = "CarShop.Data", "CarShop.Data\CarShop.Data.csproj", "{EE54C167-E372-4290-B682-4DA3E79461CC}"
EndProject
Project("{9A19103F-16F7-4668-BE54-9A1E7A4F7556}") = "CarShop.Models", "CarShop.Models\CarShop.Models.csproj", "{A79AE04C-8F13-4779-8658-24F4712C95CA}"
EndProject
Project("{9A19103F-16F7-4668-BE54-9A1E7A4F7556}") = "CarShop.Test", "CarShop.Test\CarShop.Test.csproj", "{4EF41905-F373-4E79-802A-08F89828DC7E}"
EndProject
Project("{2150E333-8FDC-42A3-9474-1A3956D46DE8}") = "Frontend", "Frontend", "{0787B011-1D9C-42D0-A70D-2FD9417B4552}"
EndProject
Project("{2150E333-8FDC-42A3-9474-1A3956D46DE8}") = "Backend", "Backend", "{966F1208-3C85-4049-BE4F-0508689A8D70}"
EndProject
Project("{2150E333-8FDC-42A3-9474-1A3956D46DE8}") = "Shared", "Shared", "{3298F975-9742-4D81-AA13-61B135747CF1}"
EndProject
Project("{9A19103F-16F7-4668-BE54-9A1E7A4F7556}") = "CarShop.WpfClient", "CarShop.WpfClient\CarShop.WpfClient.csproj", "{7494D5B9-3C17-40CD-9EE0-A4875AE16CFF}"
EndProject
Project("{9A19103F-16F7-4668-BE54-9A1E7A4F7556}") = "CarShop.Web", "CarShop.Web\CarShop.Web.csproj", "{BF0FA5F2-8E66-4B43-B1DD-2D87B52BC6BE}"
EndProject
Project("{9A19103F-16F7-4668-BE54-9A1E7A4F7556}") = "GUI", "GUI\GUI.csproj", "{6829B023-0BCB-48E7-A7A5-97D7BC000449}"
EndProject
Global
	GlobalSection(SolutionConfigurationPlatforms) = preSolution
		Debug|Any CPU = Debug|Any CPU
		Release|Any CPU = Release|Any CPU
	EndGlobalSection
	GlobalSection(ProjectConfigurationPlatforms) = postSolution
		{2AA78E98-5BDE-4936-9C58-66AAB9217A14}.Debug|Any CPU.ActiveCfg = Debug|Any CPU
		{2AA78E98-5BDE-4936-9C58-66AAB9217A14}.Debug|Any CPU.Build.0 = Debug|Any CPU
		{2AA78E98-5BDE-4936-9C58-66AAB9217A14}.Release|Any CPU.ActiveCfg = Release|Any CPU
		{2AA78E98-5BDE-4936-9C58-66AAB9217A14}.Release|Any CPU.Build.0 = Release|Any CPU
		{3EB24F98-7B5B-4CD1-84D1-8159DFF3A8CD}.Debug|Any CPU.ActiveCfg = Debug|Any CPU
		{3EB24F98-7B5B-4CD1-84D1-8159DFF3A8CD}.Debug|Any CPU.Build.0 = Debug|Any CPU
		{3EB24F98-7B5B-4CD1-84D1-8159DFF3A8CD}.Release|Any CPU.ActiveCfg = Release|Any CPU
		{3EB24F98-7B5B-4CD1-84D1-8159DFF3A8CD}.Release|Any CPU.Build.0 = Release|Any CPU
		{7AA26231-29EA-4613-89AC-0144ADD9E34F}.Debug|Any CPU.ActiveCfg = Debug|Any CPU
		{7AA26231-29EA-4613-89AC-0144ADD9E34F}.Debug|Any CPU.Build.0 = Debug|Any CPU
		{7AA26231-29EA-4613-89AC-0144ADD9E34F}.Release|Any CPU.ActiveCfg = Release|Any CPU
		{7AA26231-29EA-4613-89AC-0144ADD9E34F}.Release|Any CPU.Build.0 = Release|Any CPU
		{C23CB4CB-EC5D-43DD-BF69-43F175A50AA3}.Debug|Any CPU.ActiveCfg = Debug|Any CPU
		{C23CB4CB-EC5D-43DD-BF69-43F175A50AA3}.Debug|Any CPU.Build.0 = Debug|Any CPU
		{C23CB4CB-EC5D-43DD-BF69-43F175A50AA3}.Release|Any CPU.ActiveCfg = Release|Any CPU
		{C23CB4CB-EC5D-43DD-BF69-43F175A50AA3}.Release|Any CPU.Build.0 = Release|Any CPU
		{EE54C167-E372-4290-B682-4DA3E79461CC}.Debug|Any CPU.ActiveCfg = Debug|Any CPU
		{EE54C167-E372-4290-B682-4DA3E79461CC}.Debug|Any CPU.Build.0 = Debug|Any CPU
		{EE54C167-E372-4290-B682-4DA3E79461CC}.Release|Any CPU.ActiveCfg = Release|Any CPU
		{EE54C167-E372-4290-B682-4DA3E79461CC}.Release|Any CPU.Build.0 = Release|Any CPU
		{A79AE04C-8F13-4779-8658-24F4712C95CA}.Debug|Any CPU.ActiveCfg = Debug|Any CPU
		{A79AE04C-8F13-4779-8658-24F4712C95CA}.Debug|Any CPU.Build.0 = Debug|Any CPU
		{A79AE04C-8F13-4779-8658-24F4712C95CA}.Release|Any CPU.ActiveCfg = Release|Any CPU
		{A79AE04C-8F13-4779-8658-24F4712C95CA}.Release|Any CPU.Build.0 = Release|Any CPU
		{4EF41905-F373-4E79-802A-08F89828DC7E}.Debug|Any CPU.ActiveCfg = Debug|Any CPU
		{4EF41905-F373-4E79-802A-08F89828DC7E}.Debug|Any CPU.Build.0 = Debug|Any CPU
		{4EF41905-F373-4E79-802A-08F89828DC7E}.Release|Any CPU.ActiveCfg = Release|Any CPU
		{4EF41905-F373-4E79-802A-08F89828DC7E}.Release|Any CPU.Build.0 = Release|Any CPU
		{7494D5B9-3C17-40CD-9EE0-A4875AE16CFF}.Debug|Any CPU.ActiveCfg = Debug|Any CPU
		{7494D5B9-3C17-40CD-9EE0-A4875AE16CFF}.Debug|Any CPU.Build.0 = Debug|Any CPU
		{7494D5B9-3C17-40CD-9EE0-A4875AE16CFF}.Release|Any CPU.ActiveCfg = Release|Any CPU
		{7494D5B9-3C17-40CD-9EE0-A4875AE16CFF}.Release|Any CPU.Build.0 = Release|Any CPU
		{BF0FA5F2-8E66-4B43-B1DD-2D87B52BC6BE}.Debug|Any CPU.ActiveCfg = Debug|Any CPU
		{BF0FA5F2-8E66-4B43-B1DD-2D87B52BC6BE}.Debug|Any CPU.Build.0 = Debug|Any CPU
		{BF0FA5F2-8E66-4B43-B1DD-2D87B52BC6BE}.Release|Any CPU.ActiveCfg = Release|Any CPU
		{BF0FA5F2-8E66-4B43-B1DD-2D87B52BC6BE}.Release|Any CPU.Build.0 = Release|Any CPU
		{6829B023-0BCB-48E7-A7A5-97D7BC000449}.Debug|Any CPU.ActiveCfg = Debug|Any CPU
		{6829B023-0BCB-48E7-A7A5-97D7BC000449}.Debug|Any CPU.Build.0 = Debug|Any CPU
		{6829B023-0BCB-48E7-A7A5-97D7BC000449}.Release|Any CPU.ActiveCfg = Release|Any CPU
		{6829B023-0BCB-48E7-A7A5-97D7BC000449}.Release|Any CPU.Build.0 = Release|Any CPU
	EndGlobalSection
	GlobalSection(SolutionProperties) = preSolution
		HideSolutionNode = FALSE
	EndGlobalSection
	GlobalSection(NestedProjects) = preSolution
		{2AA78E98-5BDE-4936-9C58-66AAB9217A14} = {0787B011-1D9C-42D0-A70D-2FD9417B4552}
		{3EB24F98-7B5B-4CD1-84D1-8159DFF3A8CD} = {966F1208-3C85-4049-BE4F-0508689A8D70}
		{7AA26231-29EA-4613-89AC-0144ADD9E34F} = {966F1208-3C85-4049-BE4F-0508689A8D70}
		{C23CB4CB-EC5D-43DD-BF69-43F175A50AA3} = {966F1208-3C85-4049-BE4F-0508689A8D70}
		{EE54C167-E372-4290-B682-4DA3E79461CC} = {966F1208-3C85-4049-BE4F-0508689A8D70}
		{A79AE04C-8F13-4779-8658-24F4712C95CA} = {3298F975-9742-4D81-AA13-61B135747CF1}
		{4EF41905-F373-4E79-802A-08F89828DC7E} = {966F1208-3C85-4049-BE4F-0508689A8D70}
		{7494D5B9-3C17-40CD-9EE0-A4875AE16CFF} = {0787B011-1D9C-42D0-A70D-2FD9417B4552}
		{BF0FA5F2-8E66-4B43-B1DD-2D87B52BC6BE} = {0787B011-1D9C-42D0-A70D-2FD9417B4552}
		{6829B023-0BCB-48E7-A7A5-97D7BC000449} = {0787B011-1D9C-42D0-A70D-2FD9417B4552}
	EndGlobalSection
	GlobalSection(ExtensibilityGlobals) = postSolution
		SolutionGuid = {037228F2-0116-43BF-BE02-15A395C4FB1D}
	EndGlobalSection
EndGlobal
